
Microsoft Visual Studio Solution File, Format Version 12.00
# Visual Studio Version 17
VisualStudioVersion = 17.3.32825.248
MinimumVisualStudioVersion = 10.0.40219.1
Project("{FAE04EC0-301F-11D3-BF4B-00C04F79EFBC}") = "Assignment4ABC- WPF", "Assignment4ABC- WPF\Assignment4ABC- WPF.csproj", "{0C21F5A1-795E-4D63-919A-230A95EECB27}"
EndProject
Global
	GlobalSection(SolutionConfigurationPlatforms) = preSolution
		Debug|Any CPU = Debug|Any CPU
		Release|Any CPU = Release|Any CPU
	EndGlobalSection
	GlobalSection(ProjectConfigurationPlatforms) = postSolution
		{0C21F5A1-795E-4D63-919A-230A95EECB27}.Debug|Any CPU.ActiveCfg = Debug|Any CPU
		{0C21F5A1-795E-4D63-919A-230A95EECB27}.Debug|Any CPU.Build.0 = Debug|Any CPU
		{0C21F5A1-795E-4D63-919A-230A95EECB27}.Release|Any CPU.ActiveCfg = Release|Any CPU
		{0C21F5A1-795E-4D63-919A-230A95EECB27}.Release|Any CPU.Build.0 = Release|Any CPU
	EndGlobalSection
	GlobalSection(SolutionProperties) = preSolution
		HideSolutionNode = FALSE
	EndGlobalSection
	GlobalSection(ExtensibilityGlobals) = postSolution
		SolutionGuid = {78B73BBF-6A1D-4E06-AA15-FDCF9C537A3A}
	EndGlobalSection
EndGlobal
